{
    "_readme": [
        "This file locks the dependencies of your project to a known state",
        "Read more about it at https://getcomposer.org/doc/01-basic-usage.md#composer-lock-the-lock-file",
        "This file is @generated automatically"
    ],
    "content-hash": "4e9fff1f77406b3f5d4c657c79c6d95f",
    "packages": [
        {
            "name": "srag/dic",
            "version": "v0.18.4",
            "source": {
                "type": "git",
                "url": "https://github.com/studer-raimann/DIC.git",
                "reference": "f3a3877e52e571f794e54c96d4413de20b274472"
            },
            "dist": {
                "type": "zip",
                "url": "https://api.github.com/repos/studer-raimann/DIC/zipball/f3a3877e52e571f794e54c96d4413de20b274472",
                "reference": "f3a3877e52e571f794e54c96d4413de20b274472",
                "shasum": ""
            },
            "require": {
                "php": ">=7.0"
            },
            "type": "library",
            "autoload": {
                "psr-4": {
                    "srag\\DIC\\": "src/"
                }
            },
            "notification-url": "https://packagist.org/downloads/",
            "license": [
                "GPL-3.0-only"
            ],
            "authors": [
                {
                    "name": "studer + raimann ag - Team Custom 1",
                    "email": "support-custom1@studer-raimann.ch",
                    "homepage": "https://studer-raimann.ch",
                    "role": "Developer"
                }
            ],
            "description": "Use all ILIAS globals in your class",
            "homepage": "https://github.com/studer-raimann/DIC",
            "keywords": [
                "ILIAS",
                "dic",
                "globals",
                "trait"
            ],
            "time": "2019-07-05T09:55:53+00:00"
        },
        {
            "name": "srag/librariesnamespacechanger",
            "version": "v0.6.7",
            "source": {
                "type": "git",
                "url": "https://github.com/studer-raimann/LibrariesNamespaceChanger.git",
                "reference": "8815a3167fe2fb69ac316962a9f4ebd89df4ac47"
            },
            "dist": {
                "type": "zip",
                "url": "https://api.github.com/repos/studer-raimann/LibrariesNamespaceChanger/zipball/8815a3167fe2fb69ac316962a9f4ebd89df4ac47",
                "reference": "8815a3167fe2fb69ac316962a9f4ebd89df4ac47",
                "shasum": ""
            },
            "require": {
                "php": ">=5.6"
            },
            "type": "library",
            "autoload": {
                "psr-4": {
                    "srag\\LibrariesNamespaceChanger\\": "src/"
                }
            },
            "notification-url": "https://packagist.org/downloads/",
            "license": [
                "GPL-3.0-only"
            ],
            "authors": [
                {
                    "name": "studer + raimann ag - Team Custom 1",
                    "email": "support-custom1@studer-raimann.ch",
                    "homepage": "https://studer-raimann.ch",
                    "role": "Developer"
                }
            ],
            "description": "Change namespace of libraries to plugin namespace",
            "homepage": "https://github.com/studer-raimann/LibrariesNamespaceChanger",
            "keywords": [
                "ILIAS",
                "libraries"
            ],
            "time": "2019-07-08T14:54:11+00:00"
        }
    ],
    "packages-dev": [],
    "aliases": [],
    "minimum-stability": "beta",
    "stability-flags": [],
    "prefer-stable": true,
    "prefer-lowest": false,
    "platform": {
        "php": "^5.5.9 || ^7.0"
    },
    "platform-dev": []
}
